// !$*UTF8*$!
{
	archiveVersion = 1;
	classes = {
	};
	objectVersion = 46;
	objects = {

/* Begin PBXBuildFile section */
		25E2A4301B2433FF001949F9 /* main.m in Sources */ = {isa = PBXBuildFile; fileRef = 25E2A42F1B2433FF001949F9 /* main.m */; };
		25E2A4331B2433FF001949F9 /* AppDelegate.m in Sources */ = {isa = PBXBuildFile; fileRef = 25E2A4321B2433FF001949F9 /* AppDelegate.m */; };
		25E2A4391B2433FF001949F9 /* Main.storyboard in Resources */ = {isa = PBXBuildFile; fileRef = 25E2A4371B2433FF001949F9 /* Main.storyboard */; };
		25E2A43B1B2433FF001949F9 /* Images.xcassets in Resources */ = {isa = PBXBuildFile; fileRef = 25E2A43A1B2433FF001949F9 /* Images.xcassets */; };
		25E2A43E1B2433FF001949F9 /* LaunchScreen.xib in Resources */ = {isa = PBXBuildFile; fileRef = 25E2A43C1B2433FF001949F9 /* LaunchScreen.xib */; };
		25E2A44A1B2433FF001949F9 /* Dynamic_Table_View_CellsTests.m in Sources */ = {isa = PBXBuildFile; fileRef = 25E2A4491B2433FF001949F9 /* Dynamic_Table_View_CellsTests.m */; };
		25E2A4551B243433001949F9 /* DynamicHeightTableViewController.m in Sources */ = {isa = PBXBuildFile; fileRef = 25E2A4541B243433001949F9 /* DynamicHeightTableViewController.m */; };
		25E2A4581B243482001949F9 /* DynamicTableViewCell.m in Sources */ = {isa = PBXBuildFile; fileRef = 25E2A4571B243482001949F9 /* DynamicTableViewCell.m */; };
		25E2A45D1B243717001949F9 /* PhotoFetcher.m in Sources */ = {isa = PBXBuildFile; fileRef = 25E2A45A1B243717001949F9 /* PhotoFetcher.m */; };
		25E2A45E1B243717001949F9 /* FlickrAPI.m in Sources */ = {isa = PBXBuildFile; fileRef = 25E2A45C1B243717001949F9 /* FlickrAPI.m */; };
		25E2A4671B243743001949F9 /* FlickrData.m in Sources */ = {isa = PBXBuildFile; fileRef = 25E2A4621B243743001949F9 /* FlickrData.m */; };
		25E2A4681B243743001949F9 /* Photo.m in Sources */ = {isa = PBXBuildFile; fileRef = 25E2A4641B243743001949F9 /* Photo.m */; };
		25E2A4691B243743001949F9 /* FlickrPhoto.m in Sources */ = {isa = PBXBuildFile; fileRef = 25E2A4661B243743001949F9 /* FlickrPhoto.m */; };
		F9434F24372C34D36497055C /* libPods-Dynamic Table View Cells.a in Frameworks */ = {isa = PBXBuildFile; fileRef = DDFD0A35EF9E40EA008F387C /* libPods-Dynamic Table View Cells.a */; };
/* End PBXBuildFile section */

/* Begin PBXContainerItemProxy section */
		25E2A4441B2433FF001949F9 /* PBXContainerItemProxy */ = {
			isa = PBXContainerItemProxy;
			containerPortal = 25E2A4221B2433FE001949F9 /* Project object */;
			proxyType = 1;
			remoteGlobalIDString = 25E2A4291B2433FE001949F9;
			remoteInfo = "Dynamic Table View Cells";
		};
/* End PBXContainerItemProxy section */

/* Begin PBXFileReference section */
		25E2A42A1B2433FF001949F9 /* Dynamic Table View Cells.app */ = {isa = PBXFileReference; explicitFileType = wrapper.application; includeInIndex = 0; path = "Dynamic Table View Cells.app"; sourceTree = BUILT_PRODUCTS_DIR; };
		25E2A42E1B2433FF001949F9 /* Info.plist */ = {isa = PBXFileReference; lastKnownFileType = text.plist.xml; path = Info.plist; sourceTree = "<group>"; };
		25E2A42F1B2433FF001949F9 /* main.m */ = {isa = PBXFileReference; lastKnownFileType = sourcecode.c.objc; path = main.m; sourceTree = "<group>"; };
		25E2A4311B2433FF001949F9 /* AppDelegate.h */ = {isa = PBXFileReference; lastKnownFileType = sourcecode.c.h; path = AppDelegate.h; sourceTree = "<group>"; };
		25E2A4321B2433FF001949F9 /* AppDelegate.m */ = {isa = PBXFileReference; lastKnownFileType = sourcecode.c.objc; path = AppDelegate.m; sourceTree = "<group>"; };
		25E2A4381B2433FF001949F9 /* Base */ = {isa = PBXFileReference; lastKnownFileType = file.storyboard; name = Base; path = Base.lproj/Main.storyboard; sourceTree = "<group>"; };
		25E2A43A1B2433FF001949F9 /* Images.xcassets */ = {isa = PBXFileReference; lastKnownFileType = folder.assetcatalog; path = Images.xcassets; sourceTree = "<group>"; };
		25E2A43D1B2433FF001949F9 /* Base */ = {isa = PBXFileReference; lastKnownFileType = file.xib; name = Base; path = Base.lproj/LaunchScreen.xib; sourceTree = "<group>"; };
		25E2A4431B2433FF001949F9 /* Dynamic Table View CellsTests.xctest */ = {isa = PBXFileReference; explicitFileType = wrapper.cfbundle; includeInIndex = 0; path = "Dynamic Table View CellsTests.xctest"; sourceTree = BUILT_PRODUCTS_DIR; };
		25E2A4481B2433FF001949F9 /* Info.plist */ = {isa = PBXFileReference; lastKnownFileType = text.plist.xml; path = Info.plist; sourceTree = "<group>"; };
		25E2A4491B2433FF001949F9 /* Dynamic_Table_View_CellsTests.m */ = {isa = PBXFileReference; lastKnownFileType = sourcecode.c.objc; path = Dynamic_Table_View_CellsTests.m; sourceTree = "<group>"; };
		25E2A4531B243433001949F9 /* DynamicHeightTableViewController.h */ = {isa = PBXFileReference; fileEncoding = 4; lastKnownFileType = sourcecode.c.h; path = DynamicHeightTableViewController.h; sourceTree = "<group>"; };
		25E2A4541B243433001949F9 /* DynamicHeightTableViewController.m */ = {isa = PBXFileReference; fileEncoding = 4; lastKnownFileType = sourcecode.c.objc; path = DynamicHeightTableViewController.m; sourceTree = "<group>"; };
		25E2A4561B243482001949F9 /* DynamicTableViewCell.h */ = {isa = PBXFileReference; fileEncoding = 4; lastKnownFileType = sourcecode.c.h; path = DynamicTableViewCell.h; sourceTree = "<group>"; };
		25E2A4571B243482001949F9 /* DynamicTableViewCell.m */ = {isa = PBXFileReference; fileEncoding = 4; lastKnownFileType = sourcecode.c.objc; path = DynamicTableViewCell.m; sourceTree = "<group>"; };
		25E2A4591B243717001949F9 /* PhotoFetcher.h */ = {isa = PBXFileReference; fileEncoding = 4; lastKnownFileType = sourcecode.c.h; path = PhotoFetcher.h; sourceTree = "<group>"; };
		25E2A45A1B243717001949F9 /* PhotoFetcher.m */ = {isa = PBXFileReference; fileEncoding = 4; lastKnownFileType = sourcecode.c.objc; path = PhotoFetcher.m; sourceTree = "<group>"; };
		25E2A45B1B243717001949F9 /* FlickrAPI.h */ = {isa = PBXFileReference; fileEncoding = 4; lastKnownFileType = sourcecode.c.h; path = FlickrAPI.h; sourceTree = "<group>"; };
		25E2A45C1B243717001949F9 /* FlickrAPI.m */ = {isa = PBXFileReference; fileEncoding = 4; lastKnownFileType = sourcecode.c.objc; path = FlickrAPI.m; sourceTree = "<group>"; };
		25E2A4611B243743001949F9 /* FlickrData.h */ = {isa = PBXFileReference; fileEncoding = 4; lastKnownFileType = sourcecode.c.h; path = FlickrData.h; sourceTree = "<group>"; };
		25E2A4621B243743001949F9 /* FlickrData.m */ = {isa = PBXFileReference; fileEncoding = 4; lastKnownFileType = sourcecode.c.objc; path = FlickrData.m; sourceTree = "<group>"; };
		25E2A4631B243743001949F9 /* Photo.h */ = {isa = PBXFileReference; fileEncoding = 4; lastKnownFileType = sourcecode.c.h; path = Photo.h; sourceTree = "<group>"; };
		25E2A4641B243743001949F9 /* Photo.m */ = {isa = PBXFileReference; fileEncoding = 4; lastKnownFileType = sourcecode.c.objc; path = Photo.m; sourceTree = "<group>"; };
		25E2A4651B243743001949F9 /* FlickrPhoto.h */ = {isa = PBXFileReference; fileEncoding = 4; lastKnownFileType = sourcecode.c.h; path = FlickrPhoto.h; sourceTree = "<group>"; };
		25E2A4661B243743001949F9 /* FlickrPhoto.m */ = {isa = PBXFileReference; fileEncoding = 4; lastKnownFileType = sourcecode.c.objc; path = FlickrPhoto.m; sourceTree = "<group>"; };
		317A67131CC22FC87526C44D /* Pods-Dynamic Table View Cells.debug.xcconfig */ = {isa = PBXFileReference; includeInIndex = 1; lastKnownFileType = text.xcconfig; name = "Pods-Dynamic Table View Cells.debug.xcconfig"; path = "Pods/Target Support Files/Pods-Dynamic Table View Cells/Pods-Dynamic Table View Cells.debug.xcconfig"; sourceTree = "<group>"; };
		C794A1201E1B515F56D6A516 /* Pods-Dynamic Table View Cells.release.xcconfig */ = {isa = PBXFileReference; includeInIndex = 1; lastKnownFileType = text.xcconfig; name = "Pods-Dynamic Table View Cells.release.xcconfig"; path = "Pods/Target Support Files/Pods-Dynamic Table View Cells/Pods-Dynamic Table View Cells.release.xcconfig"; sourceTree = "<group>"; };
		DDFD0A35EF9E40EA008F387C /* libPods-Dynamic Table View Cells.a */ = {isa = PBXFileReference; explicitFileType = archive.ar; includeInIndex = 0; path = "libPods-Dynamic Table View Cells.a"; sourceTree = BUILT_PRODUCTS_DIR; };
/* End PBXFileReference section */

/* Begin PBXFrameworksBuildPhase section */
		25E2A4271B2433FE001949F9 /* Frameworks */ = {
			isa = PBXFrameworksBuildPhase;
			buildActionMask = 2147483647;
			files = (
				F9434F24372C34D36497055C /* libPods-Dynamic Table View Cells.a in Frameworks */,
			);
			runOnlyForDeploymentPostprocessing = 0;
		};
		25E2A4401B2433FF001949F9 /* Frameworks */ = {
			isa = PBXFrameworksBuildPhase;
			buildActionMask = 2147483647;
			files = (
			);
			runOnlyForDeploymentPostprocessing = 0;
		};
/* End PBXFrameworksBuildPhase section */

/* Begin PBXGroup section */
		25E2A4211B2433FE001949F9 = {
			isa = PBXGroup;
			children = (
				25E2A42C1B2433FF001949F9 /* Dynamic Table View Cells */,
				25E2A4461B2433FF001949F9 /* Dynamic Table View CellsTests */,
				25E2A42B1B2433FF001949F9 /* Products */,
				3E35B605E291F05191389682 /* Pods */,
				81BCBAF82BF272771FD74271 /* Frameworks */,
			);
			sourceTree = "<group>";
		};
		25E2A42B1B2433FF001949F9 /* Products */ = {
			isa = PBXGroup;
			children = (
				25E2A42A1B2433FF001949F9 /* Dynamic Table View Cells.app */,
				25E2A4431B2433FF001949F9 /* Dynamic Table View CellsTests.xctest */,
			);
			name = Products;
			sourceTree = "<group>";
		};
		25E2A42C1B2433FF001949F9 /* Dynamic Table View Cells */ = {
			isa = PBXGroup;
			children = (
				25E2A45F1B24371A001949F9 /* Flickr API */,
				25E2A4311B2433FF001949F9 /* AppDelegate.h */,
				25E2A4321B2433FF001949F9 /* AppDelegate.m */,
				25E2A4531B243433001949F9 /* DynamicHeightTableViewController.h */,
				25E2A4541B243433001949F9 /* DynamicHeightTableViewController.m */,
				25E2A4561B243482001949F9 /* DynamicTableViewCell.h */,
				25E2A4571B243482001949F9 /* DynamicTableViewCell.m */,
				25E2A4371B2433FF001949F9 /* Main.storyboard */,
				25E2A43A1B2433FF001949F9 /* Images.xcassets */,
				25E2A43C1B2433FF001949F9 /* LaunchScreen.xib */,
				25E2A42D1B2433FF001949F9 /* Supporting Files */,
			);
			path = "Dynamic Table View Cells";
			sourceTree = "<group>";
		};
		25E2A42D1B2433FF001949F9 /* Supporting Files */ = {
			isa = PBXGroup;
			children = (
				25E2A42E1B2433FF001949F9 /* Info.plist */,
				25E2A42F1B2433FF001949F9 /* main.m */,
			);
			name = "Supporting Files";
			sourceTree = "<group>";
		};
		25E2A4461B2433FF001949F9 /* Dynamic Table View CellsTests */ = {
			isa = PBXGroup;
			children = (
				25E2A4491B2433FF001949F9 /* Dynamic_Table_View_CellsTests.m */,
				25E2A4471B2433FF001949F9 /* Supporting Files */,
			);
			path = "Dynamic Table View CellsTests";
			sourceTree = "<group>";
		};
		25E2A4471B2433FF001949F9 /* Supporting Files */ = {
			isa = PBXGroup;
			children = (
				25E2A4481B2433FF001949F9 /* Info.plist */,
			);
			name = "Supporting Files";
			sourceTree = "<group>";
		};
		25E2A45F1B24371A001949F9 /* Flickr API */ = {
			isa = PBXGroup;
			children = (
				25E2A4601B24373D001949F9 /* Models */,
				25E2A4591B243717001949F9 /* PhotoFetcher.h */,
				25E2A45A1B243717001949F9 /* PhotoFetcher.m */,
				25E2A45B1B243717001949F9 /* FlickrAPI.h */,
				25E2A45C1B243717001949F9 /* FlickrAPI.m */,
			);
			name = "Flickr API";
			sourceTree = "<group>";
		};
		25E2A4601B24373D001949F9 /* Models */ = {
			isa = PBXGroup;
			children = (
				25E2A4611B243743001949F9 /* FlickrData.h */,
				25E2A4621B243743001949F9 /* FlickrData.m */,
				25E2A4631B243743001949F9 /* Photo.h */,
				25E2A4641B243743001949F9 /* Photo.m */,
				25E2A4651B243743001949F9 /* FlickrPhoto.h */,
				25E2A4661B243743001949F9 /* FlickrPhoto.m */,
			);
			name = Models;
			sourceTree = "<group>";
		};
		3E35B605E291F05191389682 /* Pods */ = {
			isa = PBXGroup;
			children = (
				317A67131CC22FC87526C44D /* Pods-Dynamic Table View Cells.debug.xcconfig */,
				C794A1201E1B515F56D6A516 /* Pods-Dynamic Table View Cells.release.xcconfig */,
			);
			name = Pods;
			sourceTree = "<group>";
		};
		81BCBAF82BF272771FD74271 /* Frameworks */ = {
			isa = PBXGroup;
			children = (
				DDFD0A35EF9E40EA008F387C /* libPods-Dynamic Table View Cells.a */,
			);
			name = Frameworks;
			sourceTree = "<group>";
		};
/* End PBXGroup section */

/* Begin PBXNativeTarget section */
		25E2A4291B2433FE001949F9 /* Dynamic Table View Cells */ = {
			isa = PBXNativeTarget;
			buildConfigurationList = 25E2A44D1B2433FF001949F9 /* Build configuration list for PBXNativeTarget "Dynamic Table View Cells" */;
			buildPhases = (
				E9472757F74F0B9E5F0BA731 /* Check Pods Manifest.lock */,
				25E2A4261B2433FE001949F9 /* Sources */,
				25E2A4271B2433FE001949F9 /* Frameworks */,
				25E2A4281B2433FE001949F9 /* Resources */,
				5CE4E3B3EAABDDBEB175968D /* Copy Pods Resources */,
			);
			buildRules = (
			);
			dependencies = (
			);
			name = "Dynamic Table View Cells";
			productName = "Dynamic Table View Cells";
			productReference = 25E2A42A1B2433FF001949F9 /* Dynamic Table View Cells.app */;
			productType = "com.apple.product-type.application";
		};
		25E2A4421B2433FF001949F9 /* Dynamic Table View CellsTests */ = {
			isa = PBXNativeTarget;
			buildConfigurationList = 25E2A4501B2433FF001949F9 /* Build configuration list for PBXNativeTarget "Dynamic Table View CellsTests" */;
			buildPhases = (
				25E2A43F1B2433FF001949F9 /* Sources */,
				25E2A4401B2433FF001949F9 /* Frameworks */,
				25E2A4411B2433FF001949F9 /* Resources */,
			);
			buildRules = (
			);
			dependencies = (
				25E2A4451B2433FF001949F9 /* PBXTargetDependency */,
			);
			name = "Dynamic Table View CellsTests";
			productName = "Dynamic Table View CellsTests";
			productReference = 25E2A4431B2433FF001949F9 /* Dynamic Table View CellsTests.xctest */;
			productType = "com.apple.product-type.bundle.unit-test";
		};
/* End PBXNativeTarget section */

/* Begin PBXProject section */
		25E2A4221B2433FE001949F9 /* Project object */ = {
			isa = PBXProject;
			attributes = {
				LastUpgradeCheck = 0630;
				ORGANIZATIONNAME = "Candy Code";
				TargetAttributes = {
					25E2A4291B2433FE001949F9 = {
						CreatedOnToolsVersion = 6.3.2;
					};
					25E2A4421B2433FF001949F9 = {
						CreatedOnToolsVersion = 6.3.2;
						TestTargetID = 25E2A4291B2433FE001949F9;
					};
				};
			};
			buildConfigurationList = 25E2A4251B2433FE001949F9 /* Build configuration list for PBXProject "Dynamic Table View Cells" */;
			compatibilityVersion = "Xcode 3.2";
			developmentRegion = English;
			hasScannedForEncodings = 0;
			knownRegions = (
				en,
				Base,
			);
			mainGroup = 25E2A4211B2433FE001949F9;
			productRefGroup = 25E2A42B1B2433FF001949F9 /* Products */;
			projectDirPath = "";
			projectRoot = "";
			targets = (
				25E2A4291B2433FE001949F9 /* Dynamic Table View Cells */,
				25E2A4421B2433FF001949F9 /* Dynamic Table View CellsTests */,
			);
		};
/* End PBXProject section */

/* Begin PBXResourcesBuildPhase section */
		25E2A4281B2433FE001949F9 /* Resources */ = {
			isa = PBXResourcesBuildPhase;
			buildActionMask = 2147483647;
			files = (
				25E2A4391B2433FF001949F9 /* Main.storyboard in Resources */,
				25E2A43E1B2433FF001949F9 /* LaunchScreen.xib in Resources */,
				25E2A43B1B2433FF001949F9 /* Images.xcassets in Resources */,
			);
			runOnlyForDeploymentPostprocessing = 0;
		};
		25E2A4411B2433FF001949F9 /* Resources */ = {
			isa = PBXResourcesBuildPhase;
			buildActionMask = 2147483647;
			files = (
			);
			runOnlyForDeploymentPostprocessing = 0;
		};
/* End PBXResourcesBuildPhase section */

/* Begin PBXShellScriptBuildPhase section */
		5CE4E3B3EAABDDBEB175968D /* Copy Pods Resources */ = {
			isa = PBXShellScriptBuildPhase;
			buildActionMask = 2147483647;
			files = (
			);
			inputPaths = (
			);
			name = "Copy Pods Resources";
			outputPaths = (
			);
			runOnlyForDeploymentPostprocessing = 0;
			shellPath = /bin/sh;
			shellScript = "\"${SRCROOT}/Pods/Target Support Files/Pods-Dynamic Table View Cells/Pods-Dynamic Table View Cells-resources.sh\"\n";
			showEnvVarsInLog = 0;
		};
		E9472757F74F0B9E5F0BA731 /* Check Pods Manifest.lock */ = {
			isa = PBXShellScriptBuildPhase;
			buildActionMask = 2147483647;
			files = (
			);
			inputPaths = (
			);
			name = "Check Pods Manifest.lock";
			outputPaths = (
			);
			runOnlyForDeploymentPostprocessing = 0;
			shellPath = /bin/sh;
			shellScript = "diff \"${PODS_ROOT}/../Podfile.lock\" \"${PODS_ROOT}/Manifest.lock\" > /dev/null\nif [[ $? != 0 ]] ; then\n    cat << EOM\nerror: The sandbox is not in sync with the Podfile.lock. Run 'pod install' or update your CocoaPods installation.\nEOM\n    exit 1\nfi\n";
			showEnvVarsInLog = 0;
		};
/* End PBXShellScriptBuildPhase section */

/* Begin PBXSourcesBuildPhase section */
		25E2A4261B2433FE001949F9 /* Sources */ = {
			isa = PBXSourcesBuildPhase;
			buildActionMask = 2147483647;
			files = (
				25E2A4551B243433001949F9 /* DynamicHeightTableViewController.m in Sources */,
				25E2A4581B243482001949F9 /* DynamicTableViewCell.m in Sources */,
				25E2A4331B2433FF001949F9 /* AppDelegate.m in Sources */,
				25E2A45E1B243717001949F9 /* FlickrAPI.m in Sources */,
				25E2A4681B243743001949F9 /* Photo.m in Sources */,
				25E2A4301B2433FF001949F9 /* main.m in Sources */,
				25E2A4691B243743001949F9 /* FlickrPhoto.m in Sources */,
				25E2A45D1B243717001949F9 /* PhotoFetcher.m in Sources */,
				25E2A4671B243743001949F9 /* FlickrData.m in Sources */,
			);
			runOnlyForDeploymentPostprocessing = 0;
		};
		25E2A43F1B2433FF001949F9 /* Sources */ = {
			isa = PBXSourcesBuildPhase;
			buildActionMask = 2147483647;
			files = (
				25E2A44A1B2433FF001949F9 /* Dynamic_Table_View_CellsTests.m in Sources */,
			);
			runOnlyForDeploymentPostprocessing = 0;
		};
/* End PBXSourcesBuildPhase section */

/* Begin PBXTargetDependency section */
		25E2A4451B2433FF001949F9 /* PBXTargetDependency */ = {
			isa = PBXTargetDependency;
			target = 25E2A4291B2433FE001949F9 /* Dynamic Table View Cells */;
			targetProxy = 25E2A4441B2433FF001949F9 /* PBXContainerItemProxy */;
		};
/* End PBXTargetDependency section */

/* Begin PBXVariantGroup section */
		25E2A4371B2433FF001949F9 /* Main.storyboard */ = {
			isa = PBXVariantGroup;
			children = (
				25E2A4381B2433FF001949F9 /* Base */,
			);
			name = Main.storyboard;
			sourceTree = "<group>";
		};
		25E2A43C1B2433FF001949F9 /* LaunchScreen.xib */ = {
			isa = PBXVariantGroup;
			children = (
				25E2A43D1B2433FF001949F9 /* Base */,
			);
			name = LaunchScreen.xib;
			sourceTree = "<group>";
		};
/* End PBXVariantGroup section */

/* Begin XCBuildConfiguration section */
		25E2A44B1B2433FF001949F9 /* Debug */ = {
			isa = XCBuildConfiguration;
			buildSettings = {
				ALWAYS_SEARCH_USER_PATHS = NO;
				CLANG_CXX_LANGUAGE_STANDARD = "gnu++0x";
				CLANG_CXX_LIBRARY = "libc++";
				CLANG_ENABLE_MODULES = YES;
				CLANG_ENABLE_OBJC_ARC = YES;
				CLANG_WARN_BOOL_CONVERSION = YES;
				CLANG_WARN_CONSTANT_CONVERSION = YES;
				CLANG_WARN_DIRECT_OBJC_ISA_USAGE = YES_ERROR;
				CLANG_WARN_EMPTY_BODY = YES;
				CLANG_WARN_ENUM_CONVERSION = YES;
				CLANG_WARN_INT_CONVERSION = YES;
				CLANG_WARN_OBJC_ROOT_CLASS = YES_ERROR;
				CLANG_WARN_UNREACHABLE_CODE = YES;
				CLANG_WARN__DUPLICATE_METHOD_MATCH = YES;
				"CODE_SIGN_IDENTITY[sdk=iphoneos*]" = "iPhone Developer";
				COPY_PHASE_STRIP = NO;
				DEBUG_INFORMATION_FORMAT = "dwarf-with-dsym";
				ENABLE_STRICT_OBJC_MSGSEND = YES;
				GCC_C_LANGUAGE_STANDARD = gnu99;
				GCC_DYNAMIC_NO_PIC = NO;
				GCC_NO_COMMON_BLOCKS = YES;
				GCC_OPTIMIZATION_LEVEL = 0;
				GCC_PREPROCESSOR_DEFINITIONS = (
					"DEBUG=1",
					"$(inherited)",
				);
				GCC_SYMBOLS_PRIVATE_EXTERN = NO;
				GCC_WARN_64_TO_32_BIT_CONVERSION = YES;
				GCC_WARN_ABOUT_RETURN_TYPE = YES_ERROR;
				GCC_WARN_UNDECLARED_SELECTOR = YES;
				GCC_WARN_UNINITIALIZED_AUTOS = YES_AGGRESSIVE;
				GCC_WARN_UNUSED_FUNCTION = YES;
				GCC_WARN_UNUSED_VARIABLE = YES;
				IPHONEOS_DEPLOYMENT_TARGET = 8.3;
				MTL_ENABLE_DEBUG_INFO = YES;
				ONLY_ACTIVE_ARCH = YES;
				SDKROOT = iphoneos;
			};
			name = Debug;
		};
		25E2A44C1B2433FF001949F9 /* Release */ = {
			isa = XCBuildConfiguration;
			buildSettings = {
				ALWAYS_SEARCH_USER_PATHS = NO;
				CLANG_CXX_LANGUAGE_STANDARD = "gnu++0x";
				CLANG_CXX_LIBRARY = "libc++";
				CLANG_ENABLE_MODULES = YES;
				CLANG_ENABLE_OBJC_ARC = YES;
				CLANG_WARN_BOOL_CONVERSION = YES;
				CLANG_WARN_CONSTANT_CONVERSION = YES;
				CLANG_WARN_DIRECT_OBJC_ISA_USAGE = YES_ERROR;
				CLANG_WARN_EMPTY_BODY = YES;
				CLANG_WARN_ENUM_CONVERSION = YES;
				CLANG_WARN_INT_CONVERSION = YES;
				CLANG_WARN_OBJC_ROOT_CLASS = YES_ERROR;
				CLANG_WARN_UNREACHABLE_CODE = YES;
				CLANG_WARN__DUPLICATE_METHOD_MATCH = YES;
				"CODE_SIGN_IDENTITY[sdk=iphoneos*]" = "iPhone Developer";
				COPY_PHASE_STRIP = NO;
				DEBUG_INFORMATION_FORMAT = "dwarf-with-dsym";
				ENABLE_NS_ASSERTIONS = NO;
				ENABLE_STRICT_OBJC_MSGSEND = YES;
				GCC_C_LANGUAGE_STANDARD = gnu99;
				GCC_NO_COMMON_BLOCKS = YES;
				GCC_WARN_64_TO_32_BIT_CONVERSION = YES;
				GCC_WARN_ABOUT_RETURN_TYPE = YES_ERROR;
				GCC_WARN_UNDECLARED_SELECTOR = YES;
				GCC_WARN_UNINITIALIZED_AUTOS = YES_AGGRESSIVE;
				GCC_WARN_UNUSED_FUNCTION = YES;
				GCC_WARN_UNUSED_VARIABLE = YES;
				IPHONEOS_DEPLOYMENT_TARGET = 8.3;
				MTL_ENABLE_DEBUG_INFO = NO;
				SDKROOT = iphoneos;
				VALIDATE_PRODUCT = YES;
			};
			name = Release;
		};
		25E2A44E1B2433FF001949F9 /* Debug */ = {
			isa = XCBuildConfiguration;
			baseConfigurationReference = 317A67131CC22FC87526C44D /* Pods-Dynamic Table View Cells.debug.xcconfig */;
			buildSettings = {
				ASSETCATALOG_COMPILER_APPICON_NAME = AppIcon;
				INFOPLIST_FILE = "Dynamic Table View Cells/Info.plist";
				LD_RUNPATH_SEARCH_PATHS = "$(inherited) @executable_path/Frameworks";
				PRODUCT_NAME = "$(TARGET_NAME)";
			};
			name = Debug;
		};
		25E2A44F1B2433FF001949F9 /* Release */ = {
			isa = XCBuildConfiguration;
			baseConfigurationReference = C794A1201E1B515F56D6A516 /* Pods-Dynamic Table View Cells.release.xcconfig */;
			buildSettings = {
				ASSETCATALOG_COMPILER_APPICON_NAME = AppIcon;
				INFOPLIST_FILE = "Dynamic Table View Cells/Info.plist";
				LD_RUNPATH_SEARCH_PATHS = "$(inherited) @executable_path/Frameworks";
				PRODUCT_NAME = "$(TARGET_NAME)";
			};
			name = Release;
		};
		25E2A4511B2433FF001949F9 /* Debug */ = {
			isa = XCBuildConfiguration;
			buildSettings = {
				BUNDLE_LOADER = "$(TEST_HOST)";
				FRAMEWORK_SEARCH_PATHS = (
					"$(SDKROOT)/Developer/Library/Frameworks",
					"$(inherited)",
				);
				GCC_PREPROCESSOR_DEFINITIONS = (
					"DEBUG=1",
					"$(inherited)",
				);
				INFOPLIST_FILE = "Dynamic Table View CellsTests/Info.plist";
				LD_RUNPATH_SEARCH_PATHS = "$(inherited) @executable_path/Frameworks @loader_path/Frameworks";
				PRODUCT_NAME = "$(TARGET_NAME)";
				TEST_HOST = "$(BUILT_PRODUCTS_DIR)/Dynamic Table View Cells.app/Dynamic Table View Cells";
			};
			name = Debug;
		};
		25E2A4521B2433FF001949F9 /* Release */ = {
			isa = XCBuildConfiguration;
			buildSettings = {
				BUNDLE_LOADER = "$(TEST_HOST)";
				FRAMEWORK_SEARCH_PATHS = (
					"$(SDKROOT)/Developer/Library/Frameworks",
					"$(inherited)",
				);
				INFOPLIST_FILE = "Dynamic Table View CellsTests/Info.plist";
				LD_RUNPATH_SEARCH_PATHS = "$(inherited) @executable_path/Frameworks @loader_path/Frameworks";
				PRODUCT_NAME = "$(TARGET_NAME)";
				TEST_HOST = "$(BUILT_PRODUCTS_DIR)/Dynamic Table View Cells.app/Dynamic Table View Cells";
			};
			name = Release;
		};
/* End XCBuildConfiguration section */

/* Begin XCConfigurationList section */
		25E2A4251B2433FE001949F9 /* Build configuration list for PBXProject "Dynamic Table View Cells" */ = {
			isa = XCConfigurationList;
			buildConfigurations = (
				25E2A44B1B2433FF001949F9 /* Debug */,
				25E2A44C1B2433FF001949F9 /* Release */,
			);
			defaultConfigurationIsVisible = 0;
			defaultConfigurationName = Release;
		};
		25E2A44D1B2433FF001949F9 /* Build configuration list for PBXNativeTarget "Dynamic Table View Cells" */ = {
			isa = XCConfigurationList;
			buildConfigurations = (
				25E2A44E1B2433FF001949F9 /* Debug */,
				25E2A44F1B2433FF001949F9 /* Release */,
			);
			defaultConfigurationIsVisible = 0;
			defaultConfigurationName = Release;
		};
		25E2A4501B2433FF001949F9 /* Build configuration list for PBXNativeTarget "Dynamic Table View CellsTests" */ = {
			isa = XCConfigurationList;
			buildConfigurations = (
				25E2A4511B2433FF001949F9 /* Debug */,
				25E2A4521B2433FF001949F9 /* Release */,
			);
			defaultConfigurationIsVisible = 0;
			defaultConfigurationName = Release;
		};
/* End XCConfigurationList section */
	};
	rootObject = 25E2A4221B2433FE001949F9 /* Project object */;
}
